
Microsoft Visual Studio Solution File, Format Version 12.00
# Visual Studio Version 16
VisualStudioVersion = 16.0.32407.337
MinimumVisualStudioVersion = 10.0.40219.1
Project("{9A19103F-16F7-4668-BE54-9A1E7A4F7556}") = "CollegeApplication", "CollegeApplication\CollegeApplication.csproj", "{BDBA7CD5-2404-47B6-A377-899D0BEF4E98}"
EndProject
Project("{9A19103F-16F7-4668-BE54-9A1E7A4F7556}") = "Model", "Model\Model.csproj", "{8726CB47-F5ED-41F5-ADE3-CB9F5DB42B17}"
EndProject
Project("{9A19103F-16F7-4668-BE54-9A1E7A4F7556}") = "Share", "Shared\Share.csproj", "{09FCAFE9-CF7C-475F-AF11-18990E7CA818}"
EndProject
Global
	GlobalSection(SolutionConfigurationPlatforms) = preSolution
		Debug|Any CPU = Debug|Any CPU
		Release|Any CPU = Release|Any CPU
	EndGlobalSection
	GlobalSection(ProjectConfigurationPlatforms) = postSolution
		{BDBA7CD5-2404-47B6-A377-899D0BEF4E98}.Debug|Any CPU.ActiveCfg = Debug|Any CPU
		{BDBA7CD5-2404-47B6-A377-899D0BEF4E98}.Debug|Any CPU.Build.0 = Debug|Any CPU
		{BDBA7CD5-2404-47B6-A377-899D0BEF4E98}.Release|Any CPU.ActiveCfg = Release|Any CPU
		{BDBA7CD5-2404-47B6-A377-899D0BEF4E98}.Release|Any CPU.Build.0 = Release|Any CPU
		{8726CB47-F5ED-41F5-ADE3-CB9F5DB42B17}.Debug|Any CPU.ActiveCfg = Debug|Any CPU
		{8726CB47-F5ED-41F5-ADE3-CB9F5DB42B17}.Debug|Any CPU.Build.0 = Debug|Any CPU
		{8726CB47-F5ED-41F5-ADE3-CB9F5DB42B17}.Release|Any CPU.ActiveCfg = Release|Any CPU
		{8726CB47-F5ED-41F5-ADE3-CB9F5DB42B17}.Release|Any CPU.Build.0 = Release|Any CPU
		{09FCAFE9-CF7C-475F-AF11-18990E7CA818}.Debug|Any CPU.ActiveCfg = Debug|Any CPU
		{09FCAFE9-CF7C-475F-AF11-18990E7CA818}.Debug|Any CPU.Build.0 = Debug|Any CPU
		{09FCAFE9-CF7C-475F-AF11-18990E7CA818}.Release|Any CPU.ActiveCfg = Release|Any CPU
		{09FCAFE9-CF7C-475F-AF11-18990E7CA818}.Release|Any CPU.Build.0 = Release|Any CPU
	EndGlobalSection
	GlobalSection(SolutionProperties) = preSolution
		HideSolutionNode = FALSE
	EndGlobalSection
	GlobalSection(ExtensibilityGlobals) = postSolution
		SolutionGuid = {75C065E6-6E1E-4B82-BA92-8A80C7CB83BF}
	EndGlobalSection
EndGlobal
